github.com/cmj0121/logger v1.2.0 h1:ImIn9UD6iX/57uQohvYK0tUByN5alBcf//ZTG1A9Xas=
github.com/cmj0121/logger v1.2.0/go.mod h1:N9vkhQgq34KIbnPLc9NMcCoA7AL95CBEVG0Mi5hpFsA=
github.com/cmj0121/logger v1.2.1 h1:uBugba2f7GocZ0nXSZJPp2iNIYWdVdsj2f2Pq4uGyR4=
github.com/cmj0121/logger v1.2.1/go.mod h1:N9vkhQgq34KIbnPLc9NMcCoA7AL95CBEVG0Mi5hpFsA=
